// !$*UTF8*$!
{
	archiveVersion = 1;
	classes = {
	};
	objectVersion = 46;
	objects = {

/* Begin PBXBuildFile section */
		84208F551C74B2E4008D43CF /* main.swift in Sources */ = {isa = PBXBuildFile; fileRef = 84208F541C74B2E4008D43CF /* main.swift */; };
/* End PBXBuildFile section */

/* Begin PBXCopyFilesBuildPhase section */
		84208F4F1C74B2E4008D43CF /* CopyFiles */ = {
			isa = PBXCopyFilesBuildPhase;
			buildActionMask = 2147483647;
			dstPath = /usr/share/man/man1/;
			dstSubfolderSpec = 0;
			files = (
			);
			runOnlyForDeploymentPostprocessing = 1;
		};
/* End PBXCopyFilesBuildPhase section */

/* Begin PBXFileReference section */
		84208F511C74B2E4008D43CF /* SwiftServerVapor */ = {isa = PBXFileReference; explicitFileType = "compiled.mach-o.executable"; includeInIndex = 0; path = SwiftServerVapor; sourceTree = BUILT_PRODUCTS_DIR; };
		84208F541C74B2E4008D43CF /* main.swift */ = {isa = PBXFileReference; lastKnownFileType = sourcecode.swift; path = main.swift; sourceTree = "<group>"; };
/* End PBXFileReference section */

/* Begin PBXFrameworksBuildPhase section */
		84208F4E1C74B2E4008D43CF /* Frameworks */ = {
			isa = PBXFrameworksBuildPhase;
			buildActionMask = 2147483647;
			files = (
			);
			runOnlyForDeploymentPostprocessing = 0;
		};
/* End PBXFrameworksBuildPhase section */

/* Begin PBXGroup section */
		84208F481C74B2E4008D43CF = {
			isa = PBXGroup;
			children = (
				84208F531C74B2E4008D43CF /* SwiftServerVapor */,
				84208F521C74B2E4008D43CF /* Products */,
			);
			sourceTree = "<group>";
		};
		84208F521C74B2E4008D43CF /* Products */ = {
			isa = PBXGroup;
			children = (
				84208F511C74B2E4008D43CF /* SwiftServerVapor */,
			);
			name = Products;
			sourceTree = "<group>";
		};
		84208F531C74B2E4008D43CF /* SwiftServerVapor */ = {
			isa = PBXGroup;
			children = (
				84208F541C74B2E4008D43CF /* main.swift */,
			);
			path = SwiftServerVapor;
			sourceTree = "<group>";
		};
/* End PBXGroup section */

/* Begin PBXNativeTarget section */
		84208F501C74B2E4008D43CF /* SwiftServerVapor */ = {
			isa = PBXNativeTarget;
			buildConfigurationList = 84208F581C74B2E4008D43CF /* Build configuration list for PBXNativeTarget "SwiftServerVapor" */;
			buildPhases = (
				84208F4D1C74B2E4008D43CF /* Sources */,
				84208F4E1C74B2E4008D43CF /* Frameworks */,
				84208F4F1C74B2E4008D43CF /* CopyFiles */,
			);
			buildRules = (
			);
			dependencies = (
			);
			name = SwiftServerVapor;
			productName = SwiftServerVapor;
			productReference = 84208F511C74B2E4008D43CF /* SwiftServerVapor */;
			productType = "com.apple.product-type.tool";
		};
/* End PBXNativeTarget section */

/* Begin PBXProject section */
		84208F491C74B2E4008D43CF /* Project object */ = {
			isa = PBXProject;
			attributes = {
				LastUpgradeCheck = 0700;
				ORGANIZATIONNAME = nakazy;
				TargetAttributes = {
					84208F501C74B2E4008D43CF = {
						CreatedOnToolsVersion = 7.0;
					};
				};
			};
			buildConfigurationList = 84208F4C1C74B2E4008D43CF /* Build configuration list for PBXProject "SwiftServerVapor" */;
			compatibilityVersion = "Xcode 3.2";
			developmentRegion = English;
			hasScannedForEncodings = 0;
			knownRegions = (
				en,
			);
			mainGroup = 84208F481C74B2E4008D43CF;
			productRefGroup = 84208F521C74B2E4008D43CF /* Products */;
			projectDirPath = "";
			projectRoot = "";
			targets = (
				84208F501C74B2E4008D43CF /* SwiftServerVapor */,
			);
		};
/* End PBXProject section */

/* Begin PBXSourcesBuildPhase section */
		84208F4D1C74B2E4008D43CF /* Sources */ = {
			isa = PBXSourcesBuildPhase;
			buildActionMask = 2147483647;
			files = (
				84208F551C74B2E4008D43CF /* main.swift in Sources */,
			);
			runOnlyForDeploymentPostprocessing = 0;
		};
/* End PBXSourcesBuildPhase section */

/* Begin XCBuildConfiguration section */
		84208F561C74B2E4008D43CF /* Debug */ = {
			isa = XCBuildConfiguration;
			buildSettings = {
				ALWAYS_SEARCH_USER_PATHS = NO;
				CLANG_CXX_LANGUAGE_STANDARD = "gnu++0x";
				CLANG_CXX_LIBRARY = "libc++";
				CLANG_ENABLE_MODULES = YES;
				CLANG_ENABLE_OBJC_ARC = YES;
				CLANG_WARN_BOOL_CONVERSION = YES;
				CLANG_WARN_CONSTANT_CONVERSION = YES;
				CLANG_WARN_DIRECT_OBJC_ISA_USAGE = YES_ERROR;
				CLANG_WARN_EMPTY_BODY = YES;
				CLANG_WARN_ENUM_CONVERSION = YES;
				CLANG_WARN_INT_CONVERSION = YES;
				CLANG_WARN_OBJC_ROOT_CLASS = YES_ERROR;
				CLANG_WARN_UNREACHABLE_CODE = YES;
				CLANG_WARN__DUPLICATE_METHOD_MATCH = YES;
				COPY_PHASE_STRIP = NO;
				DEBUG_INFORMATION_FORMAT = dwarf;
				ENABLE_STRICT_OBJC_MSGSEND = YES;
				ENABLE_TESTABILITY = YES;
				GCC_C_LANGUAGE_STANDARD = gnu99;
				GCC_DYNAMIC_NO_PIC = NO;
				GCC_NO_COMMON_BLOCKS = YES;
				GCC_OPTIMIZATION_LEVEL = 0;
				GCC_PREPROCESSOR_DEFINITIONS = (
					"DEBUG=1",
					"$(inherited)",
				);
				GCC_WARN_64_TO_32_BIT_CONVERSION = YES;
				GCC_WARN_ABOUT_RETURN_TYPE = YES_ERROR;
				GCC_WARN_UNDECLARED_SELECTOR = YES;
				GCC_WARN_UNINITIALIZED_AUTOS = YES_AGGRESSIVE;
				GCC_WARN_UNUSED_FUNCTION = YES;
				GCC_WARN_UNUSED_VARIABLE = YES;
				MACOSX_DEPLOYMENT_TARGET = 10.11;
				MTL_ENABLE_DEBUG_INFO = YES;
				ONLY_ACTIVE_ARCH = YES;
				SDKROOT = macosx;
				SWIFT_OPTIMIZATION_LEVEL = "-Onone";
			};
			name = Debug;
		};
		84208F571C74B2E4008D43CF /* Release */ = {
			isa = XCBuildConfiguration;
			buildSettings = {
				ALWAYS_SEARCH_USER_PATHS = NO;
				CLANG_CXX_LANGUAGE_STANDARD = "gnu++0x";
				CLANG_CXX_LIBRARY = "libc++";
				CLANG_ENABLE_MODULES = YES;
				CLANG_ENABLE_OBJC_ARC = YES;
				CLANG_WARN_BOOL_CONVERSION = YES;
				CLANG_WARN_CONSTANT_CONVERSION = YES;
				CLANG_WARN_DIRECT_OBJC_ISA_USAGE = YES_ERROR;
				CLANG_WARN_EMPTY_BODY = YES;
				CLANG_WARN_ENUM_CONVERSION = YES;
				CLANG_WARN_INT_CONVERSION = YES;
				CLANG_WARN_OBJC_ROOT_CLASS = YES_ERROR;
				CLANG_WARN_UNREACHABLE_CODE = YES;
				CLANG_WARN__DUPLICATE_METHOD_MATCH = YES;
				COPY_PHASE_STRIP = NO;
				DEBUG_INFORMATION_FORMAT = "dwarf-with-dsym";
				ENABLE_NS_ASSERTIONS = NO;
				ENABLE_STRICT_OBJC_MSGSEND = YES;
				GCC_C_LANGUAGE_STANDARD = gnu99;
				GCC_NO_COMMON_BLOCKS = YES;
				GCC_WARN_64_TO_32_BIT_CONVERSION = YES;
				GCC_WARN_ABOUT_RETURN_TYPE = YES_ERROR;
				GCC_WARN_UNDECLARED_SELECTOR = YES;
				GCC_WARN_UNINITIALIZED_AUTOS = YES_AGGRESSIVE;
				GCC_WARN_UNUSED_FUNCTION = YES;
				GCC_WARN_UNUSED_VARIABLE = YES;
				MACOSX_DEPLOYMENT_TARGET = 10.11;
				MTL_ENABLE_DEBUG_INFO = NO;
				SDKROOT = macosx;
			};
			name = Release;
		};
		84208F591C74B2E4008D43CF /* Debug */ = {
			isa = XCBuildConfiguration;
			buildSettings = {
				PRODUCT_NAME = "$(TARGET_NAME)";
			};
			name = Debug;
		};
		84208F5A1C74B2E4008D43CF /* Release */ = {
			isa = XCBuildConfiguration;
			buildSettings = {
				PRODUCT_NAME = "$(TARGET_NAME)";
			};
			name = Release;
		};
/* End XCBuildConfiguration section */

/* Begin XCConfigurationList section */
		84208F4C1C74B2E4008D43CF /* Build configuration list for PBXProject "SwiftServerVapor" */ = {
			isa = XCConfigurationList;
			buildConfigurations = (
				84208F561C74B2E4008D43CF /* Debug */,
				84208F571C74B2E4008D43CF /* Release */,
			);
			defaultConfigurationIsVisible = 0;
			defaultConfigurationName = Release;
		};
		84208F581C74B2E4008D43CF /* Build configuration list for PBXNativeTarget "SwiftServerVapor" */ = {
			isa = XCConfigurationList;
			buildConfigurations = (
				84208F591C74B2E4008D43CF /* Debug */,
				84208F5A1C74B2E4008D43CF /* Release */,
			);
			defaultConfigurationIsVisible = 0;
		};
/* End XCConfigurationList section */
	};
	rootObject = 84208F491C74B2E4008D43CF /* Project object */;
}
